
Microsoft Visual Studio Solution File, Format Version 12.00
# Visual Studio Version 17
VisualStudioVersion = 17.9.34701.34
MinimumVisualStudioVersion = 10.0.40219.1
Project("{FAE04EC0-301F-11D3-BF4B-00C04F79EFBC}") = "system_przesylania_projektow.Api", "system_przesylania_projektow\system_przesylania_projektow.Api.csproj", "{8F454C67-B095-4071-9AF8-5AF6CB64C739}"
EndProject
Project("{FAE04EC0-301F-11D3-BF4B-00C04F79EFBC}") = "system_przesylania_projektow.Core", "system_przesylania_projektow.Core\system_przesylania_projektow.Core.csproj", "{3A4B0F26-060F-41C4-A249-1A15ABCB34B6}"
EndProject
Project("{FAE04EC0-301F-11D3-BF4B-00C04F79EFBC}") = "system_przesylania_projektow.Infrastructure", "system_przesylania_projektow.Infrastructure\system_przesylania_projektow.Infrastructure.csproj", "{ACAF0DF5-D982-43BC-B0E4-888E5170B250}"
EndProject
Project("{FAE04EC0-301F-11D3-BF4B-00C04F79EFBC}") = "system_przesylania_projektow.Application", "system_przesylania_projektow.Application\system_przesylania_projektow.Application.csproj", "{6BBE8E76-8B95-4FBF-99AA-987009ACB873}"
EndProject
Global
	GlobalSection(SolutionConfigurationPlatforms) = preSolution
		Debug|Any CPU = Debug|Any CPU
		Release|Any CPU = Release|Any CPU
	EndGlobalSection
	GlobalSection(ProjectConfigurationPlatforms) = postSolution
		{8F454C67-B095-4071-9AF8-5AF6CB64C739}.Debug|Any CPU.ActiveCfg = Debug|Any CPU
		{8F454C67-B095-4071-9AF8-5AF6CB64C739}.Debug|Any CPU.Build.0 = Debug|Any CPU
		{8F454C67-B095-4071-9AF8-5AF6CB64C739}.Release|Any CPU.ActiveCfg = Release|Any CPU
		{8F454C67-B095-4071-9AF8-5AF6CB64C739}.Release|Any CPU.Build.0 = Release|Any CPU
		{3A4B0F26-060F-41C4-A249-1A15ABCB34B6}.Debug|Any CPU.ActiveCfg = Debug|Any CPU
		{3A4B0F26-060F-41C4-A249-1A15ABCB34B6}.Debug|Any CPU.Build.0 = Debug|Any CPU
		{3A4B0F26-060F-41C4-A249-1A15ABCB34B6}.Release|Any CPU.ActiveCfg = Release|Any CPU
		{3A4B0F26-060F-41C4-A249-1A15ABCB34B6}.Release|Any CPU.Build.0 = Release|Any CPU
		{ACAF0DF5-D982-43BC-B0E4-888E5170B250}.Debug|Any CPU.ActiveCfg = Debug|Any CPU
		{ACAF0DF5-D982-43BC-B0E4-888E5170B250}.Debug|Any CPU.Build.0 = Debug|Any CPU
		{ACAF0DF5-D982-43BC-B0E4-888E5170B250}.Release|Any CPU.ActiveCfg = Release|Any CPU
		{ACAF0DF5-D982-43BC-B0E4-888E5170B250}.Release|Any CPU.Build.0 = Release|Any CPU
		{6BBE8E76-8B95-4FBF-99AA-987009ACB873}.Debug|Any CPU.ActiveCfg = Debug|Any CPU
		{6BBE8E76-8B95-4FBF-99AA-987009ACB873}.Debug|Any CPU.Build.0 = Debug|Any CPU
		{6BBE8E76-8B95-4FBF-99AA-987009ACB873}.Release|Any CPU.ActiveCfg = Release|Any CPU
		{6BBE8E76-8B95-4FBF-99AA-987009ACB873}.Release|Any CPU.Build.0 = Release|Any CPU
	EndGlobalSection
	GlobalSection(SolutionProperties) = preSolution
		HideSolutionNode = FALSE
	EndGlobalSection
	GlobalSection(ExtensibilityGlobals) = postSolution
		SolutionGuid = {FC8D4410-E5B0-44FC-A5CD-2DBBC8A34A7E}
	EndGlobalSection
EndGlobal
